
Microsoft Visual Studio Solution File, Format Version 12.00
# Visual Studio Version 17
VisualStudioVersion = 17.8.34511.84
MinimumVisualStudioVersion = 10.0.40219.1
Project("{FAE04EC0-301F-11D3-BF4B-00C04F79EFBC}") = "RolebasedAuthorization", "RolebasedAuthorization\RolebasedAuthorization.csproj", "{EBFA4297-4D43-4A89-8170-0017B589E21B}"
EndProject
Global
	GlobalSection(SolutionConfigurationPlatforms) = preSolution
		Debug|Any CPU = Debug|Any CPU
		Release|Any CPU = Release|Any CPU
	EndGlobalSection
	GlobalSection(ProjectConfigurationPlatforms) = postSolution
		{EBFA4297-4D43-4A89-8170-0017B589E21B}.Debug|Any CPU.ActiveCfg = Debug|Any CPU
		{EBFA4297-4D43-4A89-8170-0017B589E21B}.Debug|Any CPU.Build.0 = Debug|Any CPU
		{EBFA4297-4D43-4A89-8170-0017B589E21B}.Release|Any CPU.ActiveCfg = Release|Any CPU
		{EBFA4297-4D43-4A89-8170-0017B589E21B}.Release|Any CPU.Build.0 = Release|Any CPU
	EndGlobalSection
	GlobalSection(SolutionProperties) = preSolution
		HideSolutionNode = FALSE
	EndGlobalSection
	GlobalSection(ExtensibilityGlobals) = postSolution
		SolutionGuid = {4E51EF99-878F-466E-B6F0-20DD526B0387}
	EndGlobalSection
EndGlobal
